// !$*UTF8*$!
{
	archiveVersion = 1;
	classes = {
	};
	objectVersion = 56;
	objects = {

/* Begin PBXBuildFile section */
		3007872E2A3AA7E100D185F4 /* Artifact.swift in Sources */ = {isa = PBXBuildFile; fileRef = 3007872D2A3AA7E100D185F4 /* Artifact.swift */; };
		300D83362A463F3F007F5EB4 /* AddRunView.swift in Sources */ = {isa = PBXBuildFile; fileRef = 300D83352A463F3F007F5EB4 /* AddRunView.swift */; };
		304229B22A5DE005009364DF /* TowerRunDetailView.swift in Sources */ = {isa = PBXBuildFile; fileRef = 304229B12A5DE005009364DF /* TowerRunDetailView.swift */; };
		30423EFA2A589CB300235BC1 /* TowerRunHighlightView.swift in Sources */ = {isa = PBXBuildFile; fileRef = 30423EF92A589CB300235BC1 /* TowerRunHighlightView.swift */; };
		304243A72A4BA4F400D51678 /* AddArtifactsView.swift in Sources */ = {isa = PBXBuildFile; fileRef = 304243A62A4BA4F400D51678 /* AddArtifactsView.swift */; };
		304A86642A4CD3CB00797D8F /* AddWeaponView.swift in Sources */ = {isa = PBXBuildFile; fileRef = 304A86632A4CD3CB00797D8F /* AddWeaponView.swift */; };
		305363D02A71FBA4006D3ACC /* HeavyTextHeadline.swift in Sources */ = {isa = PBXBuildFile; fileRef = 305363CF2A71FBA4006D3ACC /* HeavyTextHeadline.swift */; };
		305363D22A720940006D3ACC /* ArtifactsDetailView.swift in Sources */ = {isa = PBXBuildFile; fileRef = 305363D12A720940006D3ACC /* ArtifactsDetailView.swift */; };
		305363D42A720997006D3ACC /* ParasitesDetailView.swift in Sources */ = {isa = PBXBuildFile; fileRef = 305363D32A720997006D3ACC /* ParasitesDetailView.swift */; };
		305363D62A7209CF006D3ACC /* MalfunctionsDetailView.swift in Sources */ = {isa = PBXBuildFile; fileRef = 305363D52A7209CF006D3ACC /* MalfunctionsDetailView.swift */; };
		305363D82A720A09006D3ACC /* StatsDetailView.swift in Sources */ = {isa = PBXBuildFile; fileRef = 305363D72A720A09006D3ACC /* StatsDetailView.swift */; };
		3070706B2A9D78D8002ADCC4 /* AddCombatValuesView.swift in Sources */ = {isa = PBXBuildFile; fileRef = 3070706A2A9D78D8002ADCC4 /* AddCombatValuesView.swift */; };
		3070706D2A9D7CCC002ADCC4 /* AddExplorerValuesView.swift in Sources */ = {isa = PBXBuildFile; fileRef = 3070706C2A9D7CCB002ADCC4 /* AddExplorerValuesView.swift */; };
		307A929A2A439A8C002A2164 /* EditRunView.swift in Sources */ = {isa = PBXBuildFile; fileRef = 307A92992A439A8C002A2164 /* EditRunView.swift */; };
		3096F3012A53A3ED0074F491 /* AddMalfunctionsView.swift in Sources */ = {isa = PBXBuildFile; fileRef = 3096F3002A53A3ED0074F491 /* AddMalfunctionsView.swift */; };
		30A7F7C22A37C8D0003AB0B3 /* Stat.swift in Sources */ = {isa = PBXBuildFile; fileRef = 30A7F7C12A37C8D0003AB0B3 /* Stat.swift */; };
		30A7F7C42A37C932003AB0B3 /* AltFire.swift in Sources */ = {isa = PBXBuildFile; fileRef = 30A7F7C32A37C932003AB0B3 /* AltFire.swift */; };
		30A7F7C82A37CF55003AB0B3 /* Malfunction.swift in Sources */ = {isa = PBXBuildFile; fileRef = 30A7F7C72A37CF55003AB0B3 /* Malfunction.swift */; };
		30AA614D2A71EF95005D69B7 /* WeaponDetailView.swift in Sources */ = {isa = PBXBuildFile; fileRef = 30AA614C2A71EF95005D69B7 /* WeaponDetailView.swift */; };
		30AA61502A71F1DE005D69B7 /* TextHeadline.swift in Sources */ = {isa = PBXBuildFile; fileRef = 30AA614F2A71F1DE005D69B7 /* TextHeadline.swift */; };
		30AA61532A71F34A005D69B7 /* DisclosureGroupText.swift in Sources */ = {isa = PBXBuildFile; fileRef = 30AA61522A71F34A005D69B7 /* DisclosureGroupText.swift */; };
		30B2458A2A4D03D4000AD9DB /* AddParasitesView.swift in Sources */ = {isa = PBXBuildFile; fileRef = 30B245892A4D03D4000AD9DB /* AddParasitesView.swift */; };
		30BC72092A354FEF00F0E49B /* TowerCompanionApp.swift in Sources */ = {isa = PBXBuildFile; fileRef = 30BC72082A354FEF00F0E49B /* TowerCompanionApp.swift */; };
		30BC720D2A354FEF00F0E49B /* ContentView.swift in Sources */ = {isa = PBXBuildFile; fileRef = 30BC720C2A354FEF00F0E49B /* ContentView.swift */; };
		30BC720F2A354FF000F0E49B /* Assets.xcassets in Resources */ = {isa = PBXBuildFile; fileRef = 30BC720E2A354FF000F0E49B /* Assets.xcassets */; };
		30BC72132A354FF000F0E49B /* Preview Assets.xcassets in Resources */ = {isa = PBXBuildFile; fileRef = 30BC72122A354FF000F0E49B /* Preview Assets.xcassets */; };
		30BC721A2A35556F00F0E49B /* TowerRun.swift in Sources */ = {isa = PBXBuildFile; fileRef = 30BC72192A35556F00F0E49B /* TowerRun.swift */; };
		30BC721C2A3555EA00F0E49B /* Parasite.swift in Sources */ = {isa = PBXBuildFile; fileRef = 30BC721B2A3555EA00F0E49B /* Parasite.swift */; };
		30BC721E2A3557B700F0E49B /* Weapon.swift in Sources */ = {isa = PBXBuildFile; fileRef = 30BC721D2A3557B700F0E49B /* Weapon.swift */; };
		30BC72202A3686B300F0E49B /* Trait.swift in Sources */ = {isa = PBXBuildFile; fileRef = 30BC721F2A3686B300F0E49B /* Trait.swift */; };
		30C8969E2A5A09AA004D016D /* ReturnalColorExtension.swift in Sources */ = {isa = PBXBuildFile; fileRef = 30C8969D2A5A09AA004D016D /* ReturnalColorExtension.swift */; };
		30C896A32A5A4441004D016D /* View.swift in Sources */ = {isa = PBXBuildFile; fileRef = 30C896A22A5A4441004D016D /* View.swift */; };
		30FE1A052A9D307C00D1D2F4 /* Combat.swift in Sources */ = {isa = PBXBuildFile; fileRef = 30FE1A042A9D307C00D1D2F4 /* Combat.swift */; };
		30FE1A072A9D30CA00D1D2F4 /* Explorer.swift in Sources */ = {isa = PBXBuildFile; fileRef = 30FE1A062A9D30CA00D1D2F4 /* Explorer.swift */; };
		30FE1A092A9D30F900D1D2F4 /* Skill.swift in Sources */ = {isa = PBXBuildFile; fileRef = 30FE1A082A9D30F900D1D2F4 /* Skill.swift */; };
		30FE1A0B2A9D313F00D1D2F4 /* Objectives.swift in Sources */ = {isa = PBXBuildFile; fileRef = 30FE1A0A2A9D313F00D1D2F4 /* Objectives.swift */; };
/* End PBXBuildFile section */

/* Begin PBXFileReference section */
		3007872D2A3AA7E100D185F4 /* Artifact.swift */ = {isa = PBXFileReference; lastKnownFileType = sourcecode.swift; path = Artifact.swift; sourceTree = "<group>"; };
		300D83352A463F3F007F5EB4 /* AddRunView.swift */ = {isa = PBXFileReference; lastKnownFileType = sourcecode.swift; path = AddRunView.swift; sourceTree = "<group>"; };
		304229B12A5DE005009364DF /* TowerRunDetailView.swift */ = {isa = PBXFileReference; lastKnownFileType = sourcecode.swift; path = TowerRunDetailView.swift; sourceTree = "<group>"; };
		30423EF92A589CB300235BC1 /* TowerRunHighlightView.swift */ = {isa = PBXFileReference; lastKnownFileType = sourcecode.swift; path = TowerRunHighlightView.swift; sourceTree = "<group>"; };
		304243A62A4BA4F400D51678 /* AddArtifactsView.swift */ = {isa = PBXFileReference; lastKnownFileType = sourcecode.swift; path = AddArtifactsView.swift; sourceTree = "<group>"; };
		304A86632A4CD3CB00797D8F /* AddWeaponView.swift */ = {isa = PBXFileReference; lastKnownFileType = sourcecode.swift; path = AddWeaponView.swift; sourceTree = "<group>"; };
		305363CF2A71FBA4006D3ACC /* HeavyTextHeadline.swift */ = {isa = PBXFileReference; lastKnownFileType = sourcecode.swift; path = HeavyTextHeadline.swift; sourceTree = "<group>"; };
		305363D12A720940006D3ACC /* ArtifactsDetailView.swift */ = {isa = PBXFileReference; lastKnownFileType = sourcecode.swift; path = ArtifactsDetailView.swift; sourceTree = "<group>"; };
		305363D32A720997006D3ACC /* ParasitesDetailView.swift */ = {isa = PBXFileReference; lastKnownFileType = sourcecode.swift; path = ParasitesDetailView.swift; sourceTree = "<group>"; };
		305363D52A7209CF006D3ACC /* MalfunctionsDetailView.swift */ = {isa = PBXFileReference; lastKnownFileType = sourcecode.swift; path = MalfunctionsDetailView.swift; sourceTree = "<group>"; };
		305363D72A720A09006D3ACC /* StatsDetailView.swift */ = {isa = PBXFileReference; lastKnownFileType = sourcecode.swift; path = StatsDetailView.swift; sourceTree = "<group>"; };
		3070706A2A9D78D8002ADCC4 /* AddCombatValuesView.swift */ = {isa = PBXFileReference; lastKnownFileType = sourcecode.swift; path = AddCombatValuesView.swift; sourceTree = "<group>"; };
		3070706C2A9D7CCB002ADCC4 /* AddExplorerValuesView.swift */ = {isa = PBXFileReference; lastKnownFileType = sourcecode.swift; path = AddExplorerValuesView.swift; sourceTree = "<group>"; };
		307A92992A439A8C002A2164 /* EditRunView.swift */ = {isa = PBXFileReference; lastKnownFileType = sourcecode.swift; path = EditRunView.swift; sourceTree = "<group>"; };
		3096F3002A53A3ED0074F491 /* AddMalfunctionsView.swift */ = {isa = PBXFileReference; lastKnownFileType = sourcecode.swift; path = AddMalfunctionsView.swift; sourceTree = "<group>"; };
		30A7F7C12A37C8D0003AB0B3 /* Stat.swift */ = {isa = PBXFileReference; lastKnownFileType = sourcecode.swift; path = Stat.swift; sourceTree = "<group>"; };
		30A7F7C32A37C932003AB0B3 /* AltFire.swift */ = {isa = PBXFileReference; lastKnownFileType = sourcecode.swift; path = AltFire.swift; sourceTree = "<group>"; };
		30A7F7C72A37CF55003AB0B3 /* Malfunction.swift */ = {isa = PBXFileReference; lastKnownFileType = sourcecode.swift; path = Malfunction.swift; sourceTree = "<group>"; };
		30AA614C2A71EF95005D69B7 /* WeaponDetailView.swift */ = {isa = PBXFileReference; lastKnownFileType = sourcecode.swift; path = WeaponDetailView.swift; sourceTree = "<group>"; };
		30AA614F2A71F1DE005D69B7 /* TextHeadline.swift */ = {isa = PBXFileReference; lastKnownFileType = sourcecode.swift; path = TextHeadline.swift; sourceTree = "<group>"; };
		30AA61522A71F34A005D69B7 /* DisclosureGroupText.swift */ = {isa = PBXFileReference; lastKnownFileType = sourcecode.swift; path = DisclosureGroupText.swift; sourceTree = "<group>"; };
		30B245892A4D03D4000AD9DB /* AddParasitesView.swift */ = {isa = PBXFileReference; lastKnownFileType = sourcecode.swift; path = AddParasitesView.swift; sourceTree = "<group>"; };
		30BC72052A354FEF00F0E49B /* TowerCompanion.app */ = {isa = PBXFileReference; explicitFileType = wrapper.application; includeInIndex = 0; path = TowerCompanion.app; sourceTree = BUILT_PRODUCTS_DIR; };
		30BC72082A354FEF00F0E49B /* TowerCompanionApp.swift */ = {isa = PBXFileReference; lastKnownFileType = sourcecode.swift; path = TowerCompanionApp.swift; sourceTree = "<group>"; };
		30BC720C2A354FEF00F0E49B /* ContentView.swift */ = {isa = PBXFileReference; lastKnownFileType = sourcecode.swift; path = ContentView.swift; sourceTree = "<group>"; };
		30BC720E2A354FF000F0E49B /* Assets.xcassets */ = {isa = PBXFileReference; lastKnownFileType = folder.assetcatalog; path = Assets.xcassets; sourceTree = "<group>"; };
		30BC72102A354FF000F0E49B /* TowerCompanion.entitlements */ = {isa = PBXFileReference; lastKnownFileType = text.plist.entitlements; path = TowerCompanion.entitlements; sourceTree = "<group>"; };
		30BC72122A354FF000F0E49B /* Preview Assets.xcassets */ = {isa = PBXFileReference; lastKnownFileType = folder.assetcatalog; path = "Preview Assets.xcassets"; sourceTree = "<group>"; };
		30BC72192A35556F00F0E49B /* TowerRun.swift */ = {isa = PBXFileReference; lastKnownFileType = sourcecode.swift; path = TowerRun.swift; sourceTree = "<group>"; };
		30BC721B2A3555EA00F0E49B /* Parasite.swift */ = {isa = PBXFileReference; lastKnownFileType = sourcecode.swift; path = Parasite.swift; sourceTree = "<group>"; };
		30BC721D2A3557B700F0E49B /* Weapon.swift */ = {isa = PBXFileReference; lastKnownFileType = sourcecode.swift; path = Weapon.swift; sourceTree = "<group>"; };
		30BC721F2A3686B300F0E49B /* Trait.swift */ = {isa = PBXFileReference; lastKnownFileType = sourcecode.swift; path = Trait.swift; sourceTree = "<group>"; };
		30C8969D2A5A09AA004D016D /* ReturnalColorExtension.swift */ = {isa = PBXFileReference; lastKnownFileType = sourcecode.swift; path = ReturnalColorExtension.swift; sourceTree = "<group>"; };
		30C896A22A5A4441004D016D /* View.swift */ = {isa = PBXFileReference; lastKnownFileType = sourcecode.swift; path = View.swift; sourceTree = "<group>"; };
		30FE1A042A9D307C00D1D2F4 /* Combat.swift */ = {isa = PBXFileReference; lastKnownFileType = sourcecode.swift; path = Combat.swift; sourceTree = "<group>"; };
		30FE1A062A9D30CA00D1D2F4 /* Explorer.swift */ = {isa = PBXFileReference; lastKnownFileType = sourcecode.swift; path = Explorer.swift; sourceTree = "<group>"; };
		30FE1A082A9D30F900D1D2F4 /* Skill.swift */ = {isa = PBXFileReference; lastKnownFileType = sourcecode.swift; path = Skill.swift; sourceTree = "<group>"; };
		30FE1A0A2A9D313F00D1D2F4 /* Objectives.swift */ = {isa = PBXFileReference; lastKnownFileType = sourcecode.swift; path = Objectives.swift; sourceTree = "<group>"; };
/* End PBXFileReference section */

/* Begin PBXFrameworksBuildPhase section */
		30BC72022A354FEF00F0E49B /* Frameworks */ = {
			isa = PBXFrameworksBuildPhase;
			buildActionMask = 2147483647;
			files = (
			);
			runOnlyForDeploymentPostprocessing = 0;
		};
/* End PBXFrameworksBuildPhase section */

/* Begin PBXGroup section */
		30423EF82A5893FB00235BC1 /* AddViews */ = {
			isa = PBXGroup;
			children = (
				300D83352A463F3F007F5EB4 /* AddRunView.swift */,
				3096F3002A53A3ED0074F491 /* AddMalfunctionsView.swift */,
				30B245892A4D03D4000AD9DB /* AddParasitesView.swift */,
				304A86632A4CD3CB00797D8F /* AddWeaponView.swift */,
				304243A62A4BA4F400D51678 /* AddArtifactsView.swift */,
				3070706A2A9D78D8002ADCC4 /* AddCombatValuesView.swift */,
				3070706C2A9D7CCB002ADCC4 /* AddExplorerValuesView.swift */,
			);
			path = AddViews;
			sourceTree = "<group>";
		};
		304B1C262A57B456004F8973 /* Recovered References */ = {
			isa = PBXGroup;
			children = (
			);
			name = "Recovered References";
			sourceTree = "<group>";
		};
		30AA614E2A71EFEB005D69B7 /* DetailViews */ = {
			isa = PBXGroup;
			children = (
				304229B12A5DE005009364DF /* TowerRunDetailView.swift */,
				30AA614C2A71EF95005D69B7 /* WeaponDetailView.swift */,
				305363D12A720940006D3ACC /* ArtifactsDetailView.swift */,
				305363D32A720997006D3ACC /* ParasitesDetailView.swift */,
				305363D52A7209CF006D3ACC /* MalfunctionsDetailView.swift */,
				305363D72A720A09006D3ACC /* StatsDetailView.swift */,
			);
			path = DetailViews;
			sourceTree = "<group>";
		};
		30AA61512A71F328005D69B7 /* CustomViews */ = {
			isa = PBXGroup;
			children = (
				30AA614F2A71F1DE005D69B7 /* TextHeadline.swift */,
				305363CF2A71FBA4006D3ACC /* HeavyTextHeadline.swift */,
				30AA61522A71F34A005D69B7 /* DisclosureGroupText.swift */,
				30423EF92A589CB300235BC1 /* TowerRunHighlightView.swift */,
			);
			path = CustomViews;
			sourceTree = "<group>";
		};
		30B49CDE2A43D5D300E855B6 /* Models */ = {
			isa = PBXGroup;
			children = (
				30BC72192A35556F00F0E49B /* TowerRun.swift */,
				30A7F7C72A37CF55003AB0B3 /* Malfunction.swift */,
				3007872D2A3AA7E100D185F4 /* Artifact.swift */,
				30A7F7C12A37C8D0003AB0B3 /* Stat.swift */,
				30A7F7C32A37C932003AB0B3 /* AltFire.swift */,
				30BC721D2A3557B700F0E49B /* Weapon.swift */,
				30BC721F2A3686B300F0E49B /* Trait.swift */,
				30BC721B2A3555EA00F0E49B /* Parasite.swift */,
				30FE1A042A9D307C00D1D2F4 /* Combat.swift */,
				30FE1A062A9D30CA00D1D2F4 /* Explorer.swift */,
				30FE1A082A9D30F900D1D2F4 /* Skill.swift */,
				30FE1A0A2A9D313F00D1D2F4 /* Objectives.swift */,
			);
			path = Models;
			sourceTree = "<group>";
		};
		30BC71FC2A354FEF00F0E49B = {
			isa = PBXGroup;
			children = (
				30BC72072A354FEF00F0E49B /* TowerCompanion */,
				30BC72062A354FEF00F0E49B /* Products */,
				304B1C262A57B456004F8973 /* Recovered References */,
			);
			sourceTree = "<group>";
		};
		30BC72062A354FEF00F0E49B /* Products */ = {
			isa = PBXGroup;
			children = (
				30BC72052A354FEF00F0E49B /* TowerCompanion.app */,
			);
			name = Products;
			sourceTree = "<group>";
		};
		30BC72072A354FEF00F0E49B /* TowerCompanion */ = {
			isa = PBXGroup;
			children = (
				30BC72082A354FEF00F0E49B /* TowerCompanionApp.swift */,
				30B49CDE2A43D5D300E855B6 /* Models */,
				30423EF82A5893FB00235BC1 /* AddViews */,
				30C8969F2A5A1A38004D016D /* Extensions */,
				30AA614E2A71EFEB005D69B7 /* DetailViews */,
				30AA61512A71F328005D69B7 /* CustomViews */,
				30BC720C2A354FEF00F0E49B /* ContentView.swift */,
				307A92992A439A8C002A2164 /* EditRunView.swift */,
				30BC720E2A354FF000F0E49B /* Assets.xcassets */,
				30BC72102A354FF000F0E49B /* TowerCompanion.entitlements */,
				30BC72112A354FF000F0E49B /* Preview Content */,
			);
			path = TowerCompanion;
			sourceTree = "<group>";
		};
		30BC72112A354FF000F0E49B /* Preview Content */ = {
			isa = PBXGroup;
			children = (
				30BC72122A354FF000F0E49B /* Preview Assets.xcassets */,
			);
			path = "Preview Content";
			sourceTree = "<group>";
		};
		30C8969F2A5A1A38004D016D /* Extensions */ = {
			isa = PBXGroup;
			children = (
				30C896A22A5A4441004D016D /* View.swift */,
				30C8969D2A5A09AA004D016D /* ReturnalColorExtension.swift */,
			);
			path = Extensions;
			sourceTree = "<group>";
		};
/* End PBXGroup section */

/* Begin PBXNativeTarget section */
		30BC72042A354FEF00F0E49B /* TowerCompanion */ = {
			isa = PBXNativeTarget;
			buildConfigurationList = 30BC72162A354FF000F0E49B /* Build configuration list for PBXNativeTarget "TowerCompanion" */;
			buildPhases = (
				30BC72012A354FEF00F0E49B /* Sources */,
				30BC72022A354FEF00F0E49B /* Frameworks */,
				30BC72032A354FEF00F0E49B /* Resources */,
			);
			buildRules = (
			);
			dependencies = (
			);
			name = TowerCompanion;
			productName = TowerCompanion;
			productReference = 30BC72052A354FEF00F0E49B /* TowerCompanion.app */;
			productType = "com.apple.product-type.application";
		};
/* End PBXNativeTarget section */

/* Begin PBXProject section */
		30BC71FD2A354FEF00F0E49B /* Project object */ = {
			isa = PBXProject;
			attributes = {
				BuildIndependentTargetsInParallel = 1;
				LastSwiftUpdateCheck = 1500;
				LastUpgradeCheck = 1500;
				TargetAttributes = {
					30BC72042A354FEF00F0E49B = {
						CreatedOnToolsVersion = 15.0;
					};
				};
			};
			buildConfigurationList = 30BC72002A354FEF00F0E49B /* Build configuration list for PBXProject "TowerCompanion" */;
			compatibilityVersion = "Xcode 14.0";
			developmentRegion = en;
			hasScannedForEncodings = 0;
			knownRegions = (
				en,
				Base,
			);
			mainGroup = 30BC71FC2A354FEF00F0E49B;
			productRefGroup = 30BC72062A354FEF00F0E49B /* Products */;
			projectDirPath = "";
			projectRoot = "";
			targets = (
				30BC72042A354FEF00F0E49B /* TowerCompanion */,
			);
		};
/* End PBXProject section */

/* Begin PBXResourcesBuildPhase section */
		30BC72032A354FEF00F0E49B /* Resources */ = {
			isa = PBXResourcesBuildPhase;
			buildActionMask = 2147483647;
			files = (
				30BC72132A354FF000F0E49B /* Preview Assets.xcassets in Resources */,
				30BC720F2A354FF000F0E49B /* Assets.xcassets in Resources */,
			);
			runOnlyForDeploymentPostprocessing = 0;
		};
/* End PBXResourcesBuildPhase section */

/* Begin PBXSourcesBuildPhase section */
		30BC72012A354FEF00F0E49B /* Sources */ = {
			isa = PBXSourcesBuildPhase;
			buildActionMask = 2147483647;
			files = (
				30FE1A072A9D30CA00D1D2F4 /* Explorer.swift in Sources */,
				305363D22A720940006D3ACC /* ArtifactsDetailView.swift in Sources */,
				30BC721C2A3555EA00F0E49B /* Parasite.swift in Sources */,
				305363D62A7209CF006D3ACC /* MalfunctionsDetailView.swift in Sources */,
				30C8969E2A5A09AA004D016D /* ReturnalColorExtension.swift in Sources */,
				30423EFA2A589CB300235BC1 /* TowerRunHighlightView.swift in Sources */,
				305363D82A720A09006D3ACC /* StatsDetailView.swift in Sources */,
				30B2458A2A4D03D4000AD9DB /* AddParasitesView.swift in Sources */,
				30BC721A2A35556F00F0E49B /* TowerRun.swift in Sources */,
				3096F3012A53A3ED0074F491 /* AddMalfunctionsView.swift in Sources */,
				30AA614D2A71EF95005D69B7 /* WeaponDetailView.swift in Sources */,
				30A7F7C82A37CF55003AB0B3 /* Malfunction.swift in Sources */,
				30AA61532A71F34A005D69B7 /* DisclosureGroupText.swift in Sources */,
				30FE1A092A9D30F900D1D2F4 /* Skill.swift in Sources */,
				304229B22A5DE005009364DF /* TowerRunDetailView.swift in Sources */,
				30BC72092A354FEF00F0E49B /* TowerCompanionApp.swift in Sources */,
				30BC720D2A354FEF00F0E49B /* ContentView.swift in Sources */,
				30A7F7C22A37C8D0003AB0B3 /* Stat.swift in Sources */,
				304243A72A4BA4F400D51678 /* AddArtifactsView.swift in Sources */,
				305363D02A71FBA4006D3ACC /* HeavyTextHeadline.swift in Sources */,
				3007872E2A3AA7E100D185F4 /* Artifact.swift in Sources */,
				30C896A32A5A4441004D016D /* View.swift in Sources */,
				30BC721E2A3557B700F0E49B /* Weapon.swift in Sources */,
				3070706D2A9D7CCC002ADCC4 /* AddExplorerValuesView.swift in Sources */,
				3070706B2A9D78D8002ADCC4 /* AddCombatValuesView.swift in Sources */,
				307A929A2A439A8C002A2164 /* EditRunView.swift in Sources */,
				30BC72202A3686B300F0E49B /* Trait.swift in Sources */,
				30FE1A0B2A9D313F00D1D2F4 /* Objectives.swift in Sources */,
				30A7F7C42A37C932003AB0B3 /* AltFire.swift in Sources */,
				305363D42A720997006D3ACC /* ParasitesDetailView.swift in Sources */,
				30FE1A052A9D307C00D1D2F4 /* Combat.swift in Sources */,
				304A86642A4CD3CB00797D8F /* AddWeaponView.swift in Sources */,
				30AA61502A71F1DE005D69B7 /* TextHeadline.swift in Sources */,
				300D83362A463F3F007F5EB4 /* AddRunView.swift in Sources */,
			);
			runOnlyForDeploymentPostprocessing = 0;
		};
/* End PBXSourcesBuildPhase section */

/* Begin XCBuildConfiguration section */
		30BC72142A354FF000F0E49B /* Debug */ = {
			isa = XCBuildConfiguration;
			buildSettings = {
				ALWAYS_SEARCH_USER_PATHS = NO;
				ASSETCATALOG_COMPILER_GENERATE_SWIFT_ASSET_SYMBOL_EXTENSIONS = YES;
				CLANG_ANALYZER_NONNULL = YES;
				CLANG_ANALYZER_NUMBER_OBJECT_CONVERSION = YES_AGGRESSIVE;
				CLANG_CXX_LANGUAGE_STANDARD = "gnu++20";
				CLANG_ENABLE_MODULES = YES;
				CLANG_ENABLE_OBJC_ARC = YES;
				CLANG_ENABLE_OBJC_WEAK = YES;
				CLANG_WARN_BLOCK_CAPTURE_AUTORELEASING = YES;
				CLANG_WARN_BOOL_CONVERSION = YES;
				CLANG_WARN_COMMA = YES;
				CLANG_WARN_CONSTANT_CONVERSION = YES;
				CLANG_WARN_DEPRECATED_OBJC_IMPLEMENTATIONS = YES;
				CLANG_WARN_DIRECT_OBJC_ISA_USAGE = YES_ERROR;
				CLANG_WARN_DOCUMENTATION_COMMENTS = YES;
				CLANG_WARN_EMPTY_BODY = YES;
				CLANG_WARN_ENUM_CONVERSION = YES;
				CLANG_WARN_INFINITE_RECURSION = YES;
				CLANG_WARN_INT_CONVERSION = YES;
				CLANG_WARN_NON_LITERAL_NULL_CONVERSION = YES;
				CLANG_WARN_OBJC_IMPLICIT_RETAIN_SELF = YES;
				CLANG_WARN_OBJC_LITERAL_CONVERSION = YES;
				CLANG_WARN_OBJC_ROOT_CLASS = YES_ERROR;
				CLANG_WARN_QUOTED_INCLUDE_IN_FRAMEWORK_HEADER = YES;
				CLANG_WARN_RANGE_LOOP_ANALYSIS = YES;
				CLANG_WARN_STRICT_PROTOTYPES = YES;
				CLANG_WARN_SUSPICIOUS_MOVE = YES;
				CLANG_WARN_UNGUARDED_AVAILABILITY = YES_AGGRESSIVE;
				CLANG_WARN_UNREACHABLE_CODE = YES;
				CLANG_WARN__DUPLICATE_METHOD_MATCH = YES;
				COPY_PHASE_STRIP = NO;
				DEBUG_INFORMATION_FORMAT = dwarf;
				ENABLE_STRICT_OBJC_MSGSEND = YES;
				ENABLE_TESTABILITY = YES;
				ENABLE_USER_SCRIPT_SANDBOXING = YES;
				GCC_C_LANGUAGE_STANDARD = gnu17;
				GCC_DYNAMIC_NO_PIC = NO;
				GCC_NO_COMMON_BLOCKS = YES;
				GCC_OPTIMIZATION_LEVEL = 0;
				GCC_PREPROCESSOR_DEFINITIONS = (
					"DEBUG=1",
					"$(inherited)",
				);
				GCC_WARN_64_TO_32_BIT_CONVERSION = YES;
				GCC_WARN_ABOUT_RETURN_TYPE = YES_ERROR;
				GCC_WARN_UNDECLARED_SELECTOR = YES;
				GCC_WARN_UNINITIALIZED_AUTOS = YES_AGGRESSIVE;
				GCC_WARN_UNUSED_FUNCTION = YES;
				GCC_WARN_UNUSED_VARIABLE = YES;
				LOCALIZATION_PREFERS_STRING_CATALOGS = YES;
				MTL_ENABLE_DEBUG_INFO = INCLUDE_SOURCE;
				MTL_FAST_MATH = YES;
				ONLY_ACTIVE_ARCH = YES;
				SWIFT_ACTIVE_COMPILATION_CONDITIONS = "DEBUG $(inherited)";
				SWIFT_OPTIMIZATION_LEVEL = "-Onone";
			};
			name = Debug;
		};
		30BC72152A354FF000F0E49B /* Release */ = {
			isa = XCBuildConfiguration;
			buildSettings = {
				ALWAYS_SEARCH_USER_PATHS = NO;
				ASSETCATALOG_COMPILER_GENERATE_SWIFT_ASSET_SYMBOL_EXTENSIONS = YES;
				CLANG_ANALYZER_NONNULL = YES;
				CLANG_ANALYZER_NUMBER_OBJECT_CONVERSION = YES_AGGRESSIVE;
				CLANG_CXX_LANGUAGE_STANDARD = "gnu++20";
				CLANG_ENABLE_MODULES = YES;
				CLANG_ENABLE_OBJC_ARC = YES;
				CLANG_ENABLE_OBJC_WEAK = YES;
				CLANG_WARN_BLOCK_CAPTURE_AUTORELEASING = YES;
				CLANG_WARN_BOOL_CONVERSION = YES;
				CLANG_WARN_COMMA = YES;
				CLANG_WARN_CONSTANT_CONVERSION = YES;
				CLANG_WARN_DEPRECATED_OBJC_IMPLEMENTATIONS = YES;
				CLANG_WARN_DIRECT_OBJC_ISA_USAGE = YES_ERROR;
				CLANG_WARN_DOCUMENTATION_COMMENTS = YES;
				CLANG_WARN_EMPTY_BODY = YES;
				CLANG_WARN_ENUM_CONVERSION = YES;
				CLANG_WARN_INFINITE_RECURSION = YES;
				CLANG_WARN_INT_CONVERSION = YES;
				CLANG_WARN_NON_LITERAL_NULL_CONVERSION = YES;
				CLANG_WARN_OBJC_IMPLICIT_RETAIN_SELF = YES;
				CLANG_WARN_OBJC_LITERAL_CONVERSION = YES;
				CLANG_WARN_OBJC_ROOT_CLASS = YES_ERROR;
				CLANG_WARN_QUOTED_INCLUDE_IN_FRAMEWORK_HEADER = YES;
				CLANG_WARN_RANGE_LOOP_ANALYSIS = YES;
				CLANG_WARN_STRICT_PROTOTYPES = YES;
				CLANG_WARN_SUSPICIOUS_MOVE = YES;
				CLANG_WARN_UNGUARDED_AVAILABILITY = YES_AGGRESSIVE;
				CLANG_WARN_UNREACHABLE_CODE = YES;
				CLANG_WARN__DUPLICATE_METHOD_MATCH = YES;
				COPY_PHASE_STRIP = NO;
				DEBUG_INFORMATION_FORMAT = "dwarf-with-dsym";
				ENABLE_NS_ASSERTIONS = NO;
				ENABLE_STRICT_OBJC_MSGSEND = YES;
				ENABLE_USER_SCRIPT_SANDBOXING = YES;
				GCC_C_LANGUAGE_STANDARD = gnu17;
				GCC_NO_COMMON_BLOCKS = YES;
				GCC_WARN_64_TO_32_BIT_CONVERSION = YES;
				GCC_WARN_ABOUT_RETURN_TYPE = YES_ERROR;
				GCC_WARN_UNDECLARED_SELECTOR = YES;
				GCC_WARN_UNINITIALIZED_AUTOS = YES_AGGRESSIVE;
				GCC_WARN_UNUSED_FUNCTION = YES;
				GCC_WARN_UNUSED_VARIABLE = YES;
				LOCALIZATION_PREFERS_STRING_CATALOGS = YES;
				MTL_ENABLE_DEBUG_INFO = NO;
				MTL_FAST_MATH = YES;
				SWIFT_COMPILATION_MODE = wholemodule;
			};
			name = Release;
		};
		30BC72172A354FF000F0E49B /* Debug */ = {
			isa = XCBuildConfiguration;
			buildSettings = {
				ASSETCATALOG_COMPILER_APPICON_NAME = AppIcon;
				ASSETCATALOG_COMPILER_GLOBAL_ACCENT_COLOR_NAME = AccentColor;
				CODE_SIGN_ENTITLEMENTS = TowerCompanion/TowerCompanion.entitlements;
				CODE_SIGN_STYLE = Automatic;
				CURRENT_PROJECT_VERSION = 1;
				DEVELOPMENT_ASSET_PATHS = "\"TowerCompanion/Preview Content\"";
				DEVELOPMENT_TEAM = H9AZCNDQS4;
				ENABLE_HARDENED_RUNTIME = YES;
				ENABLE_PREVIEWS = YES;
				GENERATE_INFOPLIST_FILE = YES;
				"INFOPLIST_KEY_UIApplicationSceneManifest_Generation[sdk=iphoneos*]" = YES;
				"INFOPLIST_KEY_UIApplicationSceneManifest_Generation[sdk=iphonesimulator*]" = YES;
				"INFOPLIST_KEY_UIApplicationSupportsIndirectInputEvents[sdk=iphoneos*]" = YES;
				"INFOPLIST_KEY_UIApplicationSupportsIndirectInputEvents[sdk=iphonesimulator*]" = YES;
				"INFOPLIST_KEY_UILaunchScreen_Generation[sdk=iphoneos*]" = YES;
				"INFOPLIST_KEY_UILaunchScreen_Generation[sdk=iphonesimulator*]" = YES;
				"INFOPLIST_KEY_UIStatusBarStyle[sdk=iphoneos*]" = UIStatusBarStyleDefault;
				"INFOPLIST_KEY_UIStatusBarStyle[sdk=iphonesimulator*]" = UIStatusBarStyleDefault;
				INFOPLIST_KEY_UISupportedInterfaceOrientations_iPad = "UIInterfaceOrientationPortrait UIInterfaceOrientationPortraitUpsideDown UIInterfaceOrientationLandscapeLeft UIInterfaceOrientationLandscapeRight";
				INFOPLIST_KEY_UISupportedInterfaceOrientations_iPhone = "UIInterfaceOrientationPortrait UIInterfaceOrientationLandscapeLeft UIInterfaceOrientationLandscapeRight";
				IPHONEOS_DEPLOYMENT_TARGET = 17.0;
				LD_RUNPATH_SEARCH_PATHS = "@executable_path/Frameworks";
				"LD_RUNPATH_SEARCH_PATHS[sdk=macosx*]" = "@executable_path/../Frameworks";
				MACOSX_DEPLOYMENT_TARGET = 14.0;
				MARKETING_VERSION = 1.0;
				PRODUCT_BUNDLE_IDENTIFIER = com.justinbengtson.TowerCompanion;
				PRODUCT_NAME = "$(TARGET_NAME)";
				SDKROOT = auto;
				SUPPORTED_PLATFORMS = "iphoneos iphonesimulator macosx";
				SWIFT_EMIT_LOC_STRINGS = YES;
				SWIFT_VERSION = 5.0;
				TARGETED_DEVICE_FAMILY = "1,2";
			};
			name = Debug;
		};
		30BC72182A354FF000F0E49B /* Release */ = {
			isa = XCBuildConfiguration;
			buildSettings = {
				ASSETCATALOG_COMPILER_APPICON_NAME = AppIcon;
				ASSETCATALOG_COMPILER_GLOBAL_ACCENT_COLOR_NAME = AccentColor;
				CODE_SIGN_ENTITLEMENTS = TowerCompanion/TowerCompanion.entitlements;
				CODE_SIGN_STYLE = Automatic;
				CURRENT_PROJECT_VERSION = 1;
				DEVELOPMENT_ASSET_PATHS = "\"TowerCompanion/Preview Content\"";
				DEVELOPMENT_TEAM = H9AZCNDQS4;
				ENABLE_HARDENED_RUNTIME = YES;
				ENABLE_PREVIEWS = YES;
				GENERATE_INFOPLIST_FILE = YES;
				"INFOPLIST_KEY_UIApplicationSceneManifest_Generation[sdk=iphoneos*]" = YES;
				"INFOPLIST_KEY_UIApplicationSceneManifest_Generation[sdk=iphonesimulator*]" = YES;
				"INFOPLIST_KEY_UIApplicationSupportsIndirectInputEvents[sdk=iphoneos*]" = YES;
				"INFOPLIST_KEY_UIApplicationSupportsIndirectInputEvents[sdk=iphonesimulator*]" = YES;
				"INFOPLIST_KEY_UILaunchScreen_Generation[sdk=iphoneos*]" = YES;
				"INFOPLIST_KEY_UILaunchScreen_Generation[sdk=iphonesimulator*]" = YES;
				"INFOPLIST_KEY_UIStatusBarStyle[sdk=iphoneos*]" = UIStatusBarStyleDefault;
				"INFOPLIST_KEY_UIStatusBarStyle[sdk=iphonesimulator*]" = UIStatusBarStyleDefault;
				INFOPLIST_KEY_UISupportedInterfaceOrientations_iPad = "UIInterfaceOrientationPortrait UIInterfaceOrientationPortraitUpsideDown UIInterfaceOrientationLandscapeLeft UIInterfaceOrientationLandscapeRight";
				INFOPLIST_KEY_UISupportedInterfaceOrientations_iPhone = "UIInterfaceOrientationPortrait UIInterfaceOrientationLandscapeLeft UIInterfaceOrientationLandscapeRight";
				IPHONEOS_DEPLOYMENT_TARGET = 17.0;
				LD_RUNPATH_SEARCH_PATHS = "@executable_path/Frameworks";
				"LD_RUNPATH_SEARCH_PATHS[sdk=macosx*]" = "@executable_path/../Frameworks";
				MACOSX_DEPLOYMENT_TARGET = 14.0;
				MARKETING_VERSION = 1.0;
				PRODUCT_BUNDLE_IDENTIFIER = com.justinbengtson.TowerCompanion;
				PRODUCT_NAME = "$(TARGET_NAME)";
				SDKROOT = auto;
				SUPPORTED_PLATFORMS = "iphoneos iphonesimulator macosx";
				SWIFT_EMIT_LOC_STRINGS = YES;
				SWIFT_VERSION = 5.0;
				TARGETED_DEVICE_FAMILY = "1,2";
			};
			name = Release;
		};
/* End XCBuildConfiguration section */

/* Begin XCConfigurationList section */
		30BC72002A354FEF00F0E49B /* Build configuration list for PBXProject "TowerCompanion" */ = {
			isa = XCConfigurationList;
			buildConfigurations = (
				30BC72142A354FF000F0E49B /* Debug */,
				30BC72152A354FF000F0E49B /* Release */,
			);
			defaultConfigurationIsVisible = 0;
			defaultConfigurationName = Release;
		};
		30BC72162A354FF000F0E49B /* Build configuration list for PBXNativeTarget "TowerCompanion" */ = {
			isa = XCConfigurationList;
			buildConfigurations = (
				30BC72172A354FF000F0E49B /* Debug */,
				30BC72182A354FF000F0E49B /* Release */,
			);
			defaultConfigurationIsVisible = 0;
			defaultConfigurationName = Release;
		};
/* End XCConfigurationList section */
	};
	rootObject = 30BC71FD2A354FEF00F0E49B /* Project object */;
}
